
Microsoft Visual Studio Solution File, Format Version 12.00
# Visual Studio Version 16
VisualStudioVersion = 16.0.31213.239
MinimumVisualStudioVersion = 10.0.40219.1
Project("{FAE04EC0-301F-11D3-BF4B-00C04F79EFBC}") = "BlazorEFCoreMultitenant", "BlazorEFCoreMultitenant\BlazorEFCoreMultitenant.csproj", "{9C253C22-7FEF-431D-84E8-F3772E6C61DD}"
EndProject
Global
	GlobalSection(SolutionConfigurationPlatforms) = preSolution
		Debug|Any CPU = Debug|Any CPU
		Release|Any CPU = Release|Any CPU
	EndGlobalSection
	GlobalSection(ProjectConfigurationPlatforms) = postSolution
		{9C253C22-7FEF-431D-84E8-F3772E6C61DD}.Debug|Any CPU.ActiveCfg = Debug|Any CPU
		{9C253C22-7FEF-431D-84E8-F3772E6C61DD}.Debug|Any CPU.Build.0 = Debug|Any CPU
		{9C253C22-7FEF-431D-84E8-F3772E6C61DD}.Release|Any CPU.ActiveCfg = Release|Any CPU
		{9C253C22-7FEF-431D-84E8-F3772E6C61DD}.Release|Any CPU.Build.0 = Release|Any CPU
	EndGlobalSection
	GlobalSection(SolutionProperties) = preSolution
		HideSolutionNode = FALSE
	EndGlobalSection
	GlobalSection(ExtensibilityGlobals) = postSolution
		SolutionGuid = {4F1A0DC6-0D67-4BE7-AE62-6D6B3CE11A3B}
	EndGlobalSection
EndGlobal
